// !$*UTF8*$!
{
	archiveVersion = 1;
	classes = {
	};
	objectVersion = 46;
	objects = {

/* Begin PBXBuildFile section */
		2BAE41CC18F17713002E969A /* Foundation.framework in Frameworks */ = {isa = PBXBuildFile; fileRef = 2BAE41CB18F17713002E969A /* Foundation.framework */; };
		2BAE41FF18F17755002E969A /* HTTPServer.m in Sources */ = {isa = PBXBuildFile; fileRef = 2BAE41FC18F17755002E969A /* HTTPServer.m */; };
		2BAE420018F17755002E969A /* HTTPResponseHandler.m in Sources */ = {isa = PBXBuildFile; fileRef = 2BAE41FE18F17755002E969A /* HTTPResponseHandler.m */; };
/* End PBXBuildFile section */

/* Begin PBXCopyFilesBuildPhase section */
		2BAE41C618F17713002E969A /* CopyFiles */ = {
			isa = PBXCopyFilesBuildPhase;
			buildActionMask = 2147483647;
			dstPath = "include/$(PRODUCT_NAME)";
			dstSubfolderSpec = 16;
			files = (
			);
			runOnlyForDeploymentPostprocessing = 0;
		};
/* End PBXCopyFilesBuildPhase section */

/* Begin PBXFileReference section */
		2BAE41C818F17713002E969A /* libCocoaHTTPServer.a */ = {isa = PBXFileReference; explicitFileType = archive.ar; includeInIndex = 0; path = libCocoaHTTPServer.a; sourceTree = BUILT_PRODUCTS_DIR; };
		2BAE41CB18F17713002E969A /* Foundation.framework */ = {isa = PBXFileReference; lastKnownFileType = wrapper.framework; name = Foundation.framework; path = System/Library/Frameworks/Foundation.framework; sourceTree = SDKROOT; };
		2BAE41CF18F17713002E969A /* CocoaHTTPServer-Prefix.pch */ = {isa = PBXFileReference; lastKnownFileType = sourcecode.c.h; path = "CocoaHTTPServer-Prefix.pch"; sourceTree = "<group>"; };
		2BAE41D918F17713002E969A /* XCTest.framework */ = {isa = PBXFileReference; lastKnownFileType = wrapper.framework; name = XCTest.framework; path = Library/Frameworks/XCTest.framework; sourceTree = DEVELOPER_DIR; };
		2BAE41DC18F17713002E969A /* UIKit.framework */ = {isa = PBXFileReference; lastKnownFileType = wrapper.framework; name = UIKit.framework; path = Library/Frameworks/UIKit.framework; sourceTree = DEVELOPER_DIR; };
		2BAE41FA18F17755002E969A /* SynthesizeSingleton.h */ = {isa = PBXFileReference; fileEncoding = 4; lastKnownFileType = sourcecode.c.h; path = SynthesizeSingleton.h; sourceTree = "<group>"; };
		2BAE41FB18F17755002E969A /* HTTPServer.h */ = {isa = PBXFileReference; fileEncoding = 4; lastKnownFileType = sourcecode.c.h; path = HTTPServer.h; sourceTree = "<group>"; };
		2BAE41FC18F17755002E969A /* HTTPServer.m */ = {isa = PBXFileReference; fileEncoding = 4; lastKnownFileType = sourcecode.c.objc; path = HTTPServer.m; sourceTree = "<group>"; };
		2BAE41FD18F17755002E969A /* HTTPResponseHandler.h */ = {isa = PBXFileReference; fileEncoding = 4; lastKnownFileType = sourcecode.c.h; path = HTTPResponseHandler.h; sourceTree = "<group>"; };
		2BAE41FE18F17755002E969A /* HTTPResponseHandler.m */ = {isa = PBXFileReference; fileEncoding = 4; lastKnownFileType = sourcecode.c.objc; path = HTTPResponseHandler.m; sourceTree = "<group>"; };
/* End PBXFileReference section */

/* Begin PBXFrameworksBuildPhase section */
		2BAE41C518F17713002E969A /* Frameworks */ = {
			isa = PBXFrameworksBuildPhase;
			buildActionMask = 2147483647;
			files = (
				2BAE41CC18F17713002E969A /* Foundation.framework in Frameworks */,
			);
			runOnlyForDeploymentPostprocessing = 0;
		};
/* End PBXFrameworksBuildPhase section */

/* Begin PBXGroup section */
		2BAE41BF18F17713002E969A = {
			isa = PBXGroup;
			children = (
				2BAE41CD18F17713002E969A /* CocoaHTTPServer */,
				2BAE41CA18F17713002E969A /* Frameworks */,
				2BAE41C918F17713002E969A /* Products */,
			);
			sourceTree = "<group>";
		};
		2BAE41C918F17713002E969A /* Products */ = {
			isa = PBXGroup;
			children = (
				2BAE41C818F17713002E969A /* libCocoaHTTPServer.a */,
			);
			name = Products;
			sourceTree = "<group>";
		};
		2BAE41CA18F17713002E969A /* Frameworks */ = {
			isa = PBXGroup;
			children = (
				2BAE41CB18F17713002E969A /* Foundation.framework */,
				2BAE41D918F17713002E969A /* XCTest.framework */,
				2BAE41DC18F17713002E969A /* UIKit.framework */,
			);
			name = Frameworks;
			sourceTree = "<group>";
		};
		2BAE41CD18F17713002E969A /* CocoaHTTPServer */ = {
			isa = PBXGroup;
			children = (
				2BAE41FA18F17755002E969A /* SynthesizeSingleton.h */,
				2BAE41FB18F17755002E969A /* HTTPServer.h */,
				2BAE41FC18F17755002E969A /* HTTPServer.m */,
				2BAE41FD18F17755002E969A /* HTTPResponseHandler.h */,
				2BAE41FE18F17755002E969A /* HTTPResponseHandler.m */,
				2BAE41CE18F17713002E969A /* Supporting Files */,
			);
			path = CocoaHTTPServer;
			sourceTree = "<group>";
		};
		2BAE41CE18F17713002E969A /* Supporting Files */ = {
			isa = PBXGroup;
			children = (
				2BAE41CF18F17713002E969A /* CocoaHTTPServer-Prefix.pch */,
			);
			name = "Supporting Files";
			sourceTree = "<group>";
		};
/* End PBXGroup section */

/* Begin PBXNativeTarget section */
		2BAE41C718F17713002E969A /* CocoaHTTPServer */ = {
			isa = PBXNativeTarget;
			buildConfigurationList = 2BAE41EB18F17713002E969A /* Build configuration list for PBXNativeTarget "CocoaHTTPServer" */;
			buildPhases = (
				2BAE41C418F17713002E969A /* Sources */,
				2BAE41C518F17713002E969A /* Frameworks */,
				2BAE41C618F17713002E969A /* CopyFiles */,
			);
			buildRules = (
			);
			dependencies = (
			);
			name = CocoaHTTPServer;
			productName = CocoaHTTPServer;
			productReference = 2BAE41C818F17713002E969A /* libCocoaHTTPServer.a */;
			productType = "com.apple.product-type.library.static";
		};
/* End PBXNativeTarget section */

/* Begin PBXProject section */
		2BAE41C018F17713002E969A /* Project object */ = {
			isa = PBXProject;
			attributes = {
				LastUpgradeCheck = 0510;
				ORGANIZATIONNAME = robbiehanson;
			};
			buildConfigurationList = 2BAE41C318F17713002E969A /* Build configuration list for PBXProject "CocoaHTTPServer" */;
			compatibilityVersion = "Xcode 3.2";
			developmentRegion = English;
			hasScannedForEncodings = 0;
			knownRegions = (
				en,
			);
			mainGroup = 2BAE41BF18F17713002E969A;
			productRefGroup = 2BAE41C918F17713002E969A /* Products */;
			projectDirPath = "";
			projectRoot = "";
			targets = (
				2BAE41C718F17713002E969A /* CocoaHTTPServer */,
			);
		};
/* End PBXProject section */

/* Begin PBXSourcesBuildPhase section */
		2BAE41C418F17713002E969A /* Sources */ = {
			isa = PBXSourcesBuildPhase;
			buildActionMask = 2147483647;
			files = (
				2BAE41FF18F17755002E969A /* HTTPServer.m in Sources */,
				2BAE420018F17755002E969A /* HTTPResponseHandler.m in Sources */,
			);
			runOnlyForDeploymentPostprocessing = 0;
		};
/* End PBXSourcesBuildPhase section */

/* Begin XCBuildConfiguration section */
		2BAE41E918F17713002E969A /* Debug */ = {
			isa = XCBuildConfiguration;
			buildSettings = {
				ALWAYS_SEARCH_USER_PATHS = NO;
				CLANG_CXX_LANGUAGE_STANDARD = "gnu++0x";
				CLANG_CXX_LIBRARY = "libc++";
				CLANG_ENABLE_MODULES = YES;
				CLANG_ENABLE_OBJC_ARC = YES;
				CLANG_WARN_BOOL_CONVERSION = YES;
				CLANG_WARN_CONSTANT_CONVERSION = YES;
				CLANG_WARN_DIRECT_OBJC_ISA_USAGE = YES_ERROR;
				CLANG_WARN_EMPTY_BODY = YES;
				CLANG_WARN_ENUM_CONVERSION = YES;
				CLANG_WARN_INT_CONVERSION = YES;
				CLANG_WARN_OBJC_ROOT_CLASS = YES_ERROR;
				CLANG_WARN__DUPLICATE_METHOD_MATCH = YES;
				COPY_PHASE_STRIP = NO;
				GCC_C_LANGUAGE_STANDARD = gnu99;
				GCC_DYNAMIC_NO_PIC = NO;
				GCC_OPTIMIZATION_LEVEL = 0;
				GCC_PREPROCESSOR_DEFINITIONS = (
					"DEBUG=1",
					"$(inherited)",
				);
				GCC_SYMBOLS_PRIVATE_EXTERN = NO;
				GCC_WARN_64_TO_32_BIT_CONVERSION = YES;
				GCC_WARN_ABOUT_RETURN_TYPE = YES_ERROR;
				GCC_WARN_UNDECLARED_SELECTOR = YES;
				GCC_WARN_UNINITIALIZED_AUTOS = YES_AGGRESSIVE;
				GCC_WARN_UNUSED_FUNCTION = YES;
				GCC_WARN_UNUSED_VARIABLE = YES;
				IPHONEOS_DEPLOYMENT_TARGET = 7.1;
				ONLY_ACTIVE_ARCH = YES;
				SDKROOT = iphoneos;
			};
			name = Debug;
		};
		2BAE41EA18F17713002E969A /* Release */ = {
			isa = XCBuildConfiguration;
			buildSettings = {
				ALWAYS_SEARCH_USER_PATHS = NO;
				CLANG_CXX_LANGUAGE_STANDARD = "gnu++0x";
				CLANG_CXX_LIBRARY = "libc++";
				CLANG_ENABLE_MODULES = YES;
				CLANG_ENABLE_OBJC_ARC = YES;
				CLANG_WARN_BOOL_CONVERSION = YES;
				CLANG_WARN_CONSTANT_CONVERSION = YES;
				CLANG_WARN_DIRECT_OBJC_ISA_USAGE = YES_ERROR;
				CLANG_WARN_EMPTY_BODY = YES;
				CLANG_WARN_ENUM_CONVERSION = YES;
				CLANG_WARN_INT_CONVERSION = YES;
				CLANG_WARN_OBJC_ROOT_CLASS = YES_ERROR;
				CLANG_WARN__DUPLICATE_METHOD_MATCH = YES;
				COPY_PHASE_STRIP = YES;
				ENABLE_NS_ASSERTIONS = NO;
				GCC_C_LANGUAGE_STANDARD = gnu99;
				GCC_WARN_64_TO_32_BIT_CONVERSION = YES;
				GCC_WARN_ABOUT_RETURN_TYPE = YES_ERROR;
				GCC_WARN_UNDECLARED_SELECTOR = YES;
				GCC_WARN_UNINITIALIZED_AUTOS = YES_AGGRESSIVE;
				GCC_WARN_UNUSED_FUNCTION = YES;
				GCC_WARN_UNUSED_VARIABLE = YES;
				IPHONEOS_DEPLOYMENT_TARGET = 7.1;
				SDKROOT = iphoneos;
				VALIDATE_PRODUCT = YES;
			};
			name = Release;
		};
		2BAE41EC18F17713002E969A /* Debug */ = {
			isa = XCBuildConfiguration;
			buildSettings = {
				DSTROOT = /tmp/CocoaHTTPServer.dst;
				GCC_PRECOMPILE_PREFIX_HEADER = YES;
				GCC_PREFIX_HEADER = "CocoaHTTPServer/CocoaHTTPServer-Prefix.pch";
				OTHER_LDFLAGS = "-ObjC";
				PRODUCT_NAME = "$(TARGET_NAME)";
				SKIP_INSTALL = YES;
			};
			name = Debug;
		};
		2BAE41ED18F17713002E969A /* Release */ = {
			isa = XCBuildConfiguration;
			buildSettings = {
				DSTROOT = /tmp/CocoaHTTPServer.dst;
				GCC_PRECOMPILE_PREFIX_HEADER = YES;
				GCC_PREFIX_HEADER = "CocoaHTTPServer/CocoaHTTPServer-Prefix.pch";
				OTHER_LDFLAGS = "-ObjC";
				PRODUCT_NAME = "$(TARGET_NAME)";
				SKIP_INSTALL = YES;
			};
			name = Release;
		};
/* End XCBuildConfiguration section */

/* Begin XCConfigurationList section */
		2BAE41C318F17713002E969A /* Build configuration list for PBXProject "CocoaHTTPServer" */ = {
			isa = XCConfigurationList;
			buildConfigurations = (
				2BAE41E918F17713002E969A /* Debug */,
				2BAE41EA18F17713002E969A /* Release */,
			);
			defaultConfigurationIsVisible = 0;
			defaultConfigurationName = Release;
		};
		2BAE41EB18F17713002E969A /* Build configuration list for PBXNativeTarget "CocoaHTTPServer" */ = {
			isa = XCConfigurationList;
			buildConfigurations = (
				2BAE41EC18F17713002E969A /* Debug */,
				2BAE41ED18F17713002E969A /* Release */,
			);
			defaultConfigurationIsVisible = 0;
			defaultConfigurationName = Release;
		};
/* End XCConfigurationList section */
	};
	rootObject = 2BAE41C018F17713002E969A /* Project object */;
}
